
Microsoft Visual Studio Solution File, Format Version 12.00
# Visual Studio Version 17
VisualStudioVersion = 17.6.33723.286
MinimumVisualStudioVersion = 10.0.40219.1
Project("{9A19103F-16F7-4668-BE54-9A1E7A4F7556}") = "Luna-Launcher", "Luna-Launcher\Luna-Launcher.csproj", "{35AFF4EA-8CD9-437E-8110-0D72467F24F1}"
EndProject
Global
	GlobalSection(SolutionConfigurationPlatforms) = preSolution
		Debug|Any CPU = Debug|Any CPU
		Release|Any CPU = Release|Any CPU
	EndGlobalSection
	GlobalSection(ProjectConfigurationPlatforms) = postSolution
		{35AFF4EA-8CD9-437E-8110-0D72467F24F1}.Debug|Any CPU.ActiveCfg = Debug|Any CPU
		{35AFF4EA-8CD9-437E-8110-0D72467F24F1}.Debug|Any CPU.Build.0 = Debug|Any CPU
		{35AFF4EA-8CD9-437E-8110-0D72467F24F1}.Release|Any CPU.ActiveCfg = Release|Any CPU
		{35AFF4EA-8CD9-437E-8110-0D72467F24F1}.Release|Any CPU.Build.0 = Release|Any CPU
	EndGlobalSection
	GlobalSection(SolutionProperties) = preSolution
		HideSolutionNode = FALSE
	EndGlobalSection
	GlobalSection(ExtensibilityGlobals) = postSolution
		SolutionGuid = {0791CD5C-1FB5-45AC-A170-68254C596469}
	EndGlobalSection
EndGlobal
